
Microsoft Visual Studio Solution File, Format Version 12.00
# Visual Studio Version 17
VisualStudioVersion = 17.6.33815.320
MinimumVisualStudioVersion = 10.0.40219.1
Project("{FAE04EC0-301F-11D3-BF4B-00C04F79EFBC}") = "AutoMCServerSetup", "AutoMCServerSetup.csproj", "{03FB6AE8-AC1C-42B9-B4CE-F9094770795B}"
EndProject
Global
	GlobalSection(SolutionConfigurationPlatforms) = preSolution
		Debug|Any CPU = Debug|Any CPU
		Release|Any CPU = Release|Any CPU
	EndGlobalSection
	GlobalSection(ProjectConfigurationPlatforms) = postSolution
		{03FB6AE8-AC1C-42B9-B4CE-F9094770795B}.Debug|Any CPU.ActiveCfg = Debug|Any CPU
		{03FB6AE8-AC1C-42B9-B4CE-F9094770795B}.Debug|Any CPU.Build.0 = Debug|Any CPU
		{03FB6AE8-AC1C-42B9-B4CE-F9094770795B}.Release|Any CPU.ActiveCfg = Release|Any CPU
		{03FB6AE8-AC1C-42B9-B4CE-F9094770795B}.Release|Any CPU.Build.0 = Release|Any CPU
	EndGlobalSection
	GlobalSection(SolutionProperties) = preSolution
		HideSolutionNode = FALSE
	EndGlobalSection
	GlobalSection(ExtensibilityGlobals) = postSolution
		SolutionGuid = {F3ECBC35-17A8-4645-9227-99F2E9E48B68}
	EndGlobalSection
EndGlobal
